
Microsoft Visual Studio Solution File, Format Version 12.00
# Visual Studio 15
VisualStudioVersion = 15.0.28010.2036
MinimumVisualStudioVersion = 10.0.40219.1
Project("{FAE04EC0-301F-11D3-BF4B-00C04F79EFBC}") = "class practice", "class practice\class practice.csproj", "{B6239CE1-F9F5-4F8B-9497-AEBB9D354D69}"
EndProject
Global
	GlobalSection(SolutionConfigurationPlatforms) = preSolution
		Debug|Any CPU = Debug|Any CPU
		Release|Any CPU = Release|Any CPU
	EndGlobalSection
	GlobalSection(ProjectConfigurationPlatforms) = postSolution
		{B6239CE1-F9F5-4F8B-9497-AEBB9D354D69}.Debug|Any CPU.ActiveCfg = Debug|Any CPU
		{B6239CE1-F9F5-4F8B-9497-AEBB9D354D69}.Debug|Any CPU.Build.0 = Debug|Any CPU
		{B6239CE1-F9F5-4F8B-9497-AEBB9D354D69}.Release|Any CPU.ActiveCfg = Release|Any CPU
		{B6239CE1-F9F5-4F8B-9497-AEBB9D354D69}.Release|Any CPU.Build.0 = Release|Any CPU
	EndGlobalSection
	GlobalSection(SolutionProperties) = preSolution
		HideSolutionNode = FALSE
	EndGlobalSection
	GlobalSection(ExtensibilityGlobals) = postSolution
		SolutionGuid = {BB255C90-AFCC-4C39-93C5-FDD221BAF0F1}
	EndGlobalSection
EndGlobal
