
Microsoft Visual Studio Solution File, Format Version 12.00
# Visual Studio 15
VisualStudioVersion = 15.0.28010.2036
MinimumVisualStudioVersion = 10.0.40219.1
Project("{FAE04EC0-301F-11D3-BF4B-00C04F79EFBC}") = "16_徐子晴_0417test", "16_徐子晴_0417test\16_徐子晴_0417test.csproj", "{3407222C-8E6B-4ECE-9051-942099422530}"
EndProject
Global
	GlobalSection(SolutionConfigurationPlatforms) = preSolution
		Debug|Any CPU = Debug|Any CPU
		Release|Any CPU = Release|Any CPU
	EndGlobalSection
	GlobalSection(ProjectConfigurationPlatforms) = postSolution
		{3407222C-8E6B-4ECE-9051-942099422530}.Debug|Any CPU.ActiveCfg = Debug|Any CPU
		{3407222C-8E6B-4ECE-9051-942099422530}.Debug|Any CPU.Build.0 = Debug|Any CPU
		{3407222C-8E6B-4ECE-9051-942099422530}.Release|Any CPU.ActiveCfg = Release|Any CPU
		{3407222C-8E6B-4ECE-9051-942099422530}.Release|Any CPU.Build.0 = Release|Any CPU
	EndGlobalSection
	GlobalSection(SolutionProperties) = preSolution
		HideSolutionNode = FALSE
	EndGlobalSection
	GlobalSection(ExtensibilityGlobals) = postSolution
		SolutionGuid = {7E4ACD0F-1A62-4092-91E0-892D2BCC7F20}
	EndGlobalSection
EndGlobal
