
Microsoft Visual Studio Solution File, Format Version 12.00
# Visual Studio 15
VisualStudioVersion = 15.0.28010.2036
MinimumVisualStudioVersion = 10.0.40219.1
Project("{FAE04EC0-301F-11D3-BF4B-00C04F79EFBC}") = "practice0413", "practice0413\practice0413.csproj", "{933CB7EC-CC82-4DD2-A8F8-A601C5DA623D}"
EndProject
Global
	GlobalSection(SolutionConfigurationPlatforms) = preSolution
		Debug|Any CPU = Debug|Any CPU
		Release|Any CPU = Release|Any CPU
	EndGlobalSection
	GlobalSection(ProjectConfigurationPlatforms) = postSolution
		{933CB7EC-CC82-4DD2-A8F8-A601C5DA623D}.Debug|Any CPU.ActiveCfg = Debug|Any CPU
		{933CB7EC-CC82-4DD2-A8F8-A601C5DA623D}.Debug|Any CPU.Build.0 = Debug|Any CPU
		{933CB7EC-CC82-4DD2-A8F8-A601C5DA623D}.Release|Any CPU.ActiveCfg = Release|Any CPU
		{933CB7EC-CC82-4DD2-A8F8-A601C5DA623D}.Release|Any CPU.Build.0 = Release|Any CPU
	EndGlobalSection
	GlobalSection(SolutionProperties) = preSolution
		HideSolutionNode = FALSE
	EndGlobalSection
	GlobalSection(ExtensibilityGlobals) = postSolution
		SolutionGuid = {D6F2624A-6E1F-4861-B54B-388A53483FDA}
	EndGlobalSection
EndGlobal
