
Microsoft Visual Studio Solution File, Format Version 12.00
# Visual Studio 15
VisualStudioVersion = 15.0.28010.2036
MinimumVisualStudioVersion = 10.0.40219.1
Project("{FAE04EC0-301F-11D3-BF4B-00C04F79EFBC}") = "0409Practice", "0409Practice\0409Practice.csproj", "{915F11D6-AB29-4DFF-A3DD-40D66EC4350D}"
EndProject
Global
	GlobalSection(SolutionConfigurationPlatforms) = preSolution
		Debug|Any CPU = Debug|Any CPU
		Release|Any CPU = Release|Any CPU
	EndGlobalSection
	GlobalSection(ProjectConfigurationPlatforms) = postSolution
		{915F11D6-AB29-4DFF-A3DD-40D66EC4350D}.Debug|Any CPU.ActiveCfg = Debug|Any CPU
		{915F11D6-AB29-4DFF-A3DD-40D66EC4350D}.Debug|Any CPU.Build.0 = Debug|Any CPU
		{915F11D6-AB29-4DFF-A3DD-40D66EC4350D}.Release|Any CPU.ActiveCfg = Release|Any CPU
		{915F11D6-AB29-4DFF-A3DD-40D66EC4350D}.Release|Any CPU.Build.0 = Release|Any CPU
	EndGlobalSection
	GlobalSection(SolutionProperties) = preSolution
		HideSolutionNode = FALSE
	EndGlobalSection
	GlobalSection(ExtensibilityGlobals) = postSolution
		SolutionGuid = {AA314941-E92B-491D-8F4C-4758A09E76B9}
	EndGlobalSection
EndGlobal
