
Microsoft Visual Studio Solution File, Format Version 12.00
# Visual Studio 15
VisualStudioVersion = 15.0.28010.2036
MinimumVisualStudioVersion = 10.0.40219.1
Project("{FAE04EC0-301F-11D3-BF4B-00C04F79EFBC}") = "practice0417", "practice0417\practice0417.csproj", "{65F716DA-5A84-46F7-9FF0-BCA294DCFC5F}"
EndProject
Global
	GlobalSection(SolutionConfigurationPlatforms) = preSolution
		Debug|Any CPU = Debug|Any CPU
		Release|Any CPU = Release|Any CPU
	EndGlobalSection
	GlobalSection(ProjectConfigurationPlatforms) = postSolution
		{65F716DA-5A84-46F7-9FF0-BCA294DCFC5F}.Debug|Any CPU.ActiveCfg = Debug|Any CPU
		{65F716DA-5A84-46F7-9FF0-BCA294DCFC5F}.Debug|Any CPU.Build.0 = Debug|Any CPU
		{65F716DA-5A84-46F7-9FF0-BCA294DCFC5F}.Release|Any CPU.ActiveCfg = Release|Any CPU
		{65F716DA-5A84-46F7-9FF0-BCA294DCFC5F}.Release|Any CPU.Build.0 = Release|Any CPU
	EndGlobalSection
	GlobalSection(SolutionProperties) = preSolution
		HideSolutionNode = FALSE
	EndGlobalSection
	GlobalSection(ExtensibilityGlobals) = postSolution
		SolutionGuid = {65DFFC58-C039-4A03-8EC4-05ECBB5F4A58}
	EndGlobalSection
EndGlobal
