
Microsoft Visual Studio Solution File, Format Version 12.00
# Visual Studio 15
VisualStudioVersion = 15.0.28307.960
MinimumVisualStudioVersion = 10.0.40219.1
Project("{FAE04EC0-301F-11D3-BF4B-00C04F79EFBC}") = "WindowsFormsApp1", "WindowsFormsApp1\WindowsFormsApp1.csproj", "{B616C052-804C-4724-B87C-92CA21950D29}"
EndProject
Global
	GlobalSection(SolutionConfigurationPlatforms) = preSolution
		Debug|Any CPU = Debug|Any CPU
		Release|Any CPU = Release|Any CPU
	EndGlobalSection
	GlobalSection(ProjectConfigurationPlatforms) = postSolution
		{B616C052-804C-4724-B87C-92CA21950D29}.Debug|Any CPU.ActiveCfg = Debug|Any CPU
		{B616C052-804C-4724-B87C-92CA21950D29}.Debug|Any CPU.Build.0 = Debug|Any CPU
		{B616C052-804C-4724-B87C-92CA21950D29}.Release|Any CPU.ActiveCfg = Release|Any CPU
		{B616C052-804C-4724-B87C-92CA21950D29}.Release|Any CPU.Build.0 = Release|Any CPU
	EndGlobalSection
	GlobalSection(SolutionProperties) = preSolution
		HideSolutionNode = FALSE
	EndGlobalSection
	GlobalSection(ExtensibilityGlobals) = postSolution
		SolutionGuid = {573AC42F-0E09-4E83-8EC0-7EE91D58AC21}
	EndGlobalSection
EndGlobal
