
Microsoft Visual Studio Solution File, Format Version 12.00
# Visual Studio Version 16
VisualStudioVersion = 16.0.30002.166
MinimumVisualStudioVersion = 10.0.40219.1
Project("{FAE04EC0-301F-11D3-BF4B-00C04F79EFBC}") = "12_陳彥豪", "12_陳彥豪\12_陳彥豪.csproj", "{E40316FC-4FC5-4FDA-8856-0AF454F574DC}"
EndProject
Global
	GlobalSection(SolutionConfigurationPlatforms) = preSolution
		Debug|Any CPU = Debug|Any CPU
		Release|Any CPU = Release|Any CPU
	EndGlobalSection
	GlobalSection(ProjectConfigurationPlatforms) = postSolution
		{E40316FC-4FC5-4FDA-8856-0AF454F574DC}.Debug|Any CPU.ActiveCfg = Debug|Any CPU
		{E40316FC-4FC5-4FDA-8856-0AF454F574DC}.Debug|Any CPU.Build.0 = Debug|Any CPU
		{E40316FC-4FC5-4FDA-8856-0AF454F574DC}.Release|Any CPU.ActiveCfg = Release|Any CPU
		{E40316FC-4FC5-4FDA-8856-0AF454F574DC}.Release|Any CPU.Build.0 = Release|Any CPU
	EndGlobalSection
	GlobalSection(SolutionProperties) = preSolution
		HideSolutionNode = FALSE
	EndGlobalSection
	GlobalSection(ExtensibilityGlobals) = postSolution
		SolutionGuid = {0E7167C9-B006-4AE5-94DF-665E23E1B940}
	EndGlobalSection
EndGlobal
