
Microsoft Visual Studio Solution File, Format Version 12.00
# Visual Studio 15
VisualStudioVersion = 15.0.28010.2036
MinimumVisualStudioVersion = 10.0.40219.1
Project("{FAE04EC0-301F-11D3-BF4B-00C04F79EFBC}") = "417", "417\417.csproj", "{200C65C6-B8DD-481E-87A3-8F9E3E756196}"
EndProject
Global
	GlobalSection(SolutionConfigurationPlatforms) = preSolution
		Debug|Any CPU = Debug|Any CPU
		Release|Any CPU = Release|Any CPU
	EndGlobalSection
	GlobalSection(ProjectConfigurationPlatforms) = postSolution
		{200C65C6-B8DD-481E-87A3-8F9E3E756196}.Debug|Any CPU.ActiveCfg = Debug|Any CPU
		{200C65C6-B8DD-481E-87A3-8F9E3E756196}.Debug|Any CPU.Build.0 = Debug|Any CPU
		{200C65C6-B8DD-481E-87A3-8F9E3E756196}.Release|Any CPU.ActiveCfg = Release|Any CPU
		{200C65C6-B8DD-481E-87A3-8F9E3E756196}.Release|Any CPU.Build.0 = Release|Any CPU
	EndGlobalSection
	GlobalSection(SolutionProperties) = preSolution
		HideSolutionNode = FALSE
	EndGlobalSection
	GlobalSection(ExtensibilityGlobals) = postSolution
		SolutionGuid = {C5692531-F23E-4D58-B4A4-A9DA7C9E57BC}
	EndGlobalSection
EndGlobal
