
Microsoft Visual Studio Solution File, Format Version 12.00
# Visual Studio 15
VisualStudioVersion = 15.0.28010.2036
MinimumVisualStudioVersion = 10.0.40219.1
Project("{FAE04EC0-301F-11D3-BF4B-00C04F79EFBC}") = "Hw", "Hw\Hw.csproj", "{BE1F6722-10AB-47FD-82AC-75550BA41956}"
EndProject
Global
	GlobalSection(SolutionConfigurationPlatforms) = preSolution
		Debug|Any CPU = Debug|Any CPU
		Release|Any CPU = Release|Any CPU
	EndGlobalSection
	GlobalSection(ProjectConfigurationPlatforms) = postSolution
		{BE1F6722-10AB-47FD-82AC-75550BA41956}.Debug|Any CPU.ActiveCfg = Debug|Any CPU
		{BE1F6722-10AB-47FD-82AC-75550BA41956}.Debug|Any CPU.Build.0 = Debug|Any CPU
		{BE1F6722-10AB-47FD-82AC-75550BA41956}.Release|Any CPU.ActiveCfg = Release|Any CPU
		{BE1F6722-10AB-47FD-82AC-75550BA41956}.Release|Any CPU.Build.0 = Release|Any CPU
	EndGlobalSection
	GlobalSection(SolutionProperties) = preSolution
		HideSolutionNode = FALSE
	EndGlobalSection
	GlobalSection(ExtensibilityGlobals) = postSolution
		SolutionGuid = {6D16EDE5-7A7C-41FC-B136-EB18E4763F9F}
	EndGlobalSection
EndGlobal
