
Microsoft Visual Studio Solution File, Format Version 12.00
# Visual Studio 15
VisualStudioVersion = 15.0.28010.2036
MinimumVisualStudioVersion = 10.0.40219.1
Project("{FAE04EC0-301F-11D3-BF4B-00C04F79EFBC}") = "0414work", "0414work\0414work.csproj", "{7FF85159-C233-4815-AEC0-C2A0F59E8DA7}"
EndProject
Global
	GlobalSection(SolutionConfigurationPlatforms) = preSolution
		Debug|Any CPU = Debug|Any CPU
		Release|Any CPU = Release|Any CPU
	EndGlobalSection
	GlobalSection(ProjectConfigurationPlatforms) = postSolution
		{7FF85159-C233-4815-AEC0-C2A0F59E8DA7}.Debug|Any CPU.ActiveCfg = Debug|Any CPU
		{7FF85159-C233-4815-AEC0-C2A0F59E8DA7}.Debug|Any CPU.Build.0 = Debug|Any CPU
		{7FF85159-C233-4815-AEC0-C2A0F59E8DA7}.Release|Any CPU.ActiveCfg = Release|Any CPU
		{7FF85159-C233-4815-AEC0-C2A0F59E8DA7}.Release|Any CPU.Build.0 = Release|Any CPU
	EndGlobalSection
	GlobalSection(SolutionProperties) = preSolution
		HideSolutionNode = FALSE
	EndGlobalSection
	GlobalSection(ExtensibilityGlobals) = postSolution
		SolutionGuid = {CFFE06A0-3472-4515-A415-96BEC74EB05D}
	EndGlobalSection
EndGlobal
