
Microsoft Visual Studio Solution File, Format Version 12.00
# Visual Studio 15
VisualStudioVersion = 15.0.28010.2036
MinimumVisualStudioVersion = 10.0.40219.1
Project("{FAE04EC0-301F-11D3-BF4B-00C04F79EFBC}") = "teacher", "teacher\teacher.csproj", "{434F7941-8014-4B65-B498-57D39F45976D}"
EndProject
Global
	GlobalSection(SolutionConfigurationPlatforms) = preSolution
		Debug|Any CPU = Debug|Any CPU
		Release|Any CPU = Release|Any CPU
	EndGlobalSection
	GlobalSection(ProjectConfigurationPlatforms) = postSolution
		{434F7941-8014-4B65-B498-57D39F45976D}.Debug|Any CPU.ActiveCfg = Debug|Any CPU
		{434F7941-8014-4B65-B498-57D39F45976D}.Debug|Any CPU.Build.0 = Debug|Any CPU
		{434F7941-8014-4B65-B498-57D39F45976D}.Release|Any CPU.ActiveCfg = Release|Any CPU
		{434F7941-8014-4B65-B498-57D39F45976D}.Release|Any CPU.Build.0 = Release|Any CPU
	EndGlobalSection
	GlobalSection(SolutionProperties) = preSolution
		HideSolutionNode = FALSE
	EndGlobalSection
	GlobalSection(ExtensibilityGlobals) = postSolution
		SolutionGuid = {EF153889-D414-4C95-911F-D7514D0EEC91}
	EndGlobalSection
EndGlobal
