
Microsoft Visual Studio Solution File, Format Version 12.00
# Visual Studio 15
VisualStudioVersion = 15.0.28010.2036
MinimumVisualStudioVersion = 10.0.40219.1
Project("{FAE04EC0-301F-11D3-BF4B-00C04F79EFBC}") = "test_0407", "test_0407\test_0407.csproj", "{7085CC10-5E80-404C-9F9C-6FFABD2F2F7B}"
EndProject
Global
	GlobalSection(SolutionConfigurationPlatforms) = preSolution
		Debug|Any CPU = Debug|Any CPU
		Release|Any CPU = Release|Any CPU
	EndGlobalSection
	GlobalSection(ProjectConfigurationPlatforms) = postSolution
		{7085CC10-5E80-404C-9F9C-6FFABD2F2F7B}.Debug|Any CPU.ActiveCfg = Debug|Any CPU
		{7085CC10-5E80-404C-9F9C-6FFABD2F2F7B}.Debug|Any CPU.Build.0 = Debug|Any CPU
		{7085CC10-5E80-404C-9F9C-6FFABD2F2F7B}.Release|Any CPU.ActiveCfg = Release|Any CPU
		{7085CC10-5E80-404C-9F9C-6FFABD2F2F7B}.Release|Any CPU.Build.0 = Release|Any CPU
	EndGlobalSection
	GlobalSection(SolutionProperties) = preSolution
		HideSolutionNode = FALSE
	EndGlobalSection
	GlobalSection(ExtensibilityGlobals) = postSolution
		SolutionGuid = {121EBE27-BC98-4866-B22F-8D1291529FFA}
	EndGlobalSection
EndGlobal
