
Microsoft Visual Studio Solution File, Format Version 12.00
# Visual Studio 15
VisualStudioVersion = 15.0.28010.2036
MinimumVisualStudioVersion = 10.0.40219.1
Project("{FAE04EC0-301F-11D3-BF4B-00C04F79EFBC}") = "teacher", "teacher\teacher.csproj", "{CA84699E-9A33-4850-A6EB-4C6AF0FEAC10}"
EndProject
Global
	GlobalSection(SolutionConfigurationPlatforms) = preSolution
		Debug|Any CPU = Debug|Any CPU
		Release|Any CPU = Release|Any CPU
	EndGlobalSection
	GlobalSection(ProjectConfigurationPlatforms) = postSolution
		{CA84699E-9A33-4850-A6EB-4C6AF0FEAC10}.Debug|Any CPU.ActiveCfg = Debug|Any CPU
		{CA84699E-9A33-4850-A6EB-4C6AF0FEAC10}.Debug|Any CPU.Build.0 = Debug|Any CPU
		{CA84699E-9A33-4850-A6EB-4C6AF0FEAC10}.Release|Any CPU.ActiveCfg = Release|Any CPU
		{CA84699E-9A33-4850-A6EB-4C6AF0FEAC10}.Release|Any CPU.Build.0 = Release|Any CPU
	EndGlobalSection
	GlobalSection(SolutionProperties) = preSolution
		HideSolutionNode = FALSE
	EndGlobalSection
	GlobalSection(ExtensibilityGlobals) = postSolution
		SolutionGuid = {1BDB9D4A-DDA6-447D-BFD8-830411B21BD7}
	EndGlobalSection
EndGlobal
